// !$*UTF8*$!
{
	archiveVersion = 1;
	classes = {
	};
	objectVersion = 56;
	objects = {

/* Begin PBXBuildFile section */
		D550CE3A2C7C2A2D00FE3357 /* LocalizationTestApp.swift in Sources */ = {isa = PBXBuildFile; fileRef = D550CE392C7C2A2D00FE3357 /* LocalizationTestApp.swift */; };
		D550CE3C2C7C2A2D00FE3357 /* ContentView.swift in Sources */ = {isa = PBXBuildFile; fileRef = D550CE3B2C7C2A2D00FE3357 /* ContentView.swift */; };
		D550CE3E2C7C2A2F00FE3357 /* Assets.xcassets in Resources */ = {isa = PBXBuildFile; fileRef = D550CE3D2C7C2A2F00FE3357 /* Assets.xcassets */; };
		D550CE412C7C2A2F00FE3357 /* Preview Assets.xcassets in Resources */ = {isa = PBXBuildFile; fileRef = D550CE402C7C2A2F00FE3357 /* Preview Assets.xcassets */; };
		D550CE4E2C7C31D500FE3357 /* Localizable.strings in Resources */ = {isa = PBXBuildFile; fileRef = D550CE502C7C31D500FE3357 /* Localizable.strings */; };
		D550CE542C7C341E00FE3357 /* Constants.swift in Sources */ = {isa = PBXBuildFile; fileRef = D550CE532C7C341E00FE3357 /* Constants.swift */; };
		D550CE572C7C34A500FE3357 /* String+Extension.swift in Sources */ = {isa = PBXBuildFile; fileRef = D550CE562C7C34A500FE3357 /* String+Extension.swift */; };
		D550CE5A2C7C351E00FE3357 /* LocalizationManager.swift in Sources */ = {isa = PBXBuildFile; fileRef = D550CE592C7C351E00FE3357 /* LocalizationManager.swift */; };
		D550CE5C2C7C57DD00FE3357 /* Notification+Extension.swift in Sources */ = {isa = PBXBuildFile; fileRef = D550CE5B2C7C57DD00FE3357 /* Notification+Extension.swift */; };
/* End PBXBuildFile section */

/* Begin PBXFileReference section */
		D550CE362C7C2A2D00FE3357 /* LocalizationTest.app */ = {isa = PBXFileReference; explicitFileType = wrapper.application; includeInIndex = 0; path = LocalizationTest.app; sourceTree = BUILT_PRODUCTS_DIR; };
		D550CE392C7C2A2D00FE3357 /* LocalizationTestApp.swift */ = {isa = PBXFileReference; lastKnownFileType = sourcecode.swift; path = LocalizationTestApp.swift; sourceTree = "<group>"; };
		D550CE3B2C7C2A2D00FE3357 /* ContentView.swift */ = {isa = PBXFileReference; lastKnownFileType = sourcecode.swift; path = ContentView.swift; sourceTree = "<group>"; };
		D550CE3D2C7C2A2F00FE3357 /* Assets.xcassets */ = {isa = PBXFileReference; lastKnownFileType = folder.assetcatalog; path = Assets.xcassets; sourceTree = "<group>"; };
		D550CE402C7C2A2F00FE3357 /* Preview Assets.xcassets */ = {isa = PBXFileReference; lastKnownFileType = folder.assetcatalog; path = "Preview Assets.xcassets"; sourceTree = "<group>"; };
		D550CE4F2C7C31D500FE3357 /* en */ = {isa = PBXFileReference; lastKnownFileType = text.plist.strings; name = en; path = en.lproj/Localizable.strings; sourceTree = "<group>"; };
		D550CE512C7C32FE00FE3357 /* vi */ = {isa = PBXFileReference; lastKnownFileType = text.plist.strings; name = vi; path = vi.lproj/Localizable.strings; sourceTree = "<group>"; };
		D550CE532C7C341E00FE3357 /* Constants.swift */ = {isa = PBXFileReference; lastKnownFileType = sourcecode.swift; path = Constants.swift; sourceTree = "<group>"; };
		D550CE562C7C34A500FE3357 /* String+Extension.swift */ = {isa = PBXFileReference; lastKnownFileType = sourcecode.swift; path = "String+Extension.swift"; sourceTree = "<group>"; };
		D550CE592C7C351E00FE3357 /* LocalizationManager.swift */ = {isa = PBXFileReference; lastKnownFileType = sourcecode.swift; path = LocalizationManager.swift; sourceTree = "<group>"; };
		D550CE5B2C7C57DD00FE3357 /* Notification+Extension.swift */ = {isa = PBXFileReference; lastKnownFileType = sourcecode.swift; path = "Notification+Extension.swift"; sourceTree = "<group>"; };
/* End PBXFileReference section */

/* Begin PBXFrameworksBuildPhase section */
		D550CE332C7C2A2D00FE3357 /* Frameworks */ = {
			isa = PBXFrameworksBuildPhase;
			buildActionMask = 2147483647;
			files = (
			);
			runOnlyForDeploymentPostprocessing = 0;
		};
/* End PBXFrameworksBuildPhase section */

/* Begin PBXGroup section */
		D550CE2D2C7C2A2D00FE3357 = {
			isa = PBXGroup;
			children = (
				D550CE382C7C2A2D00FE3357 /* LocalizationTest */,
				D550CE4B2C7C2F9C00FE3357 /* Localization */,
				D550CE372C7C2A2D00FE3357 /* Products */,
			);
			sourceTree = "<group>";
		};
		D550CE372C7C2A2D00FE3357 /* Products */ = {
			isa = PBXGroup;
			children = (
				D550CE362C7C2A2D00FE3357 /* LocalizationTest.app */,
			);
			name = Products;
			sourceTree = "<group>";
		};
		D550CE382C7C2A2D00FE3357 /* LocalizationTest */ = {
			isa = PBXGroup;
			children = (
				D550CE552C7C348F00FE3357 /* Extensions */,
				D550CE522C7C33F600FE3357 /* Helpers */,
				D550CE392C7C2A2D00FE3357 /* LocalizationTestApp.swift */,
				D550CE3B2C7C2A2D00FE3357 /* ContentView.swift */,
				D550CE3D2C7C2A2F00FE3357 /* Assets.xcassets */,
				D550CE3F2C7C2A2F00FE3357 /* Preview Content */,
			);
			path = LocalizationTest;
			sourceTree = "<group>";
		};
		D550CE3F2C7C2A2F00FE3357 /* Preview Content */ = {
			isa = PBXGroup;
			children = (
				D550CE402C7C2A2F00FE3357 /* Preview Assets.xcassets */,
			);
			path = "Preview Content";
			sourceTree = "<group>";
		};
		D550CE4B2C7C2F9C00FE3357 /* Localization */ = {
			isa = PBXGroup;
			children = (
				D550CE502C7C31D500FE3357 /* Localizable.strings */,
			);
			path = Localization;
			sourceTree = "<group>";
		};
		D550CE522C7C33F600FE3357 /* Helpers */ = {
			isa = PBXGroup;
			children = (
				D550CE582C7C350300FE3357 /* Manager */,
				D550CE532C7C341E00FE3357 /* Constants.swift */,
			);
			path = Helpers;
			sourceTree = "<group>";
		};
		D550CE552C7C348F00FE3357 /* Extensions */ = {
			isa = PBXGroup;
			children = (
				D550CE562C7C34A500FE3357 /* String+Extension.swift */,
				D550CE5B2C7C57DD00FE3357 /* Notification+Extension.swift */,
			);
			path = Extensions;
			sourceTree = "<group>";
		};
		D550CE582C7C350300FE3357 /* Manager */ = {
			isa = PBXGroup;
			children = (
				D550CE592C7C351E00FE3357 /* LocalizationManager.swift */,
			);
			path = Manager;
			sourceTree = "<group>";
		};
/* End PBXGroup section */

/* Begin PBXNativeTarget section */
		D550CE352C7C2A2D00FE3357 /* LocalizationTest */ = {
			isa = PBXNativeTarget;
			buildConfigurationList = D550CE442C7C2A2F00FE3357 /* Build configuration list for PBXNativeTarget "LocalizationTest" */;
			buildPhases = (
				D550CE322C7C2A2D00FE3357 /* Sources */,
				D550CE332C7C2A2D00FE3357 /* Frameworks */,
				D550CE342C7C2A2D00FE3357 /* Resources */,
			);
			buildRules = (
			);
			dependencies = (
			);
			name = LocalizationTest;
			productName = LocalizationTest;
			productReference = D550CE362C7C2A2D00FE3357 /* LocalizationTest.app */;
			productType = "com.apple.product-type.application";
		};
/* End PBXNativeTarget section */

/* Begin PBXProject section */
		D550CE2E2C7C2A2D00FE3357 /* Project object */ = {
			isa = PBXProject;
			attributes = {
				BuildIndependentTargetsInParallel = 1;
				LastSwiftUpdateCheck = 1510;
				LastUpgradeCheck = 1510;
				TargetAttributes = {
					D550CE352C7C2A2D00FE3357 = {
						CreatedOnToolsVersion = 15.1;
					};
				};
			};
			buildConfigurationList = D550CE312C7C2A2D00FE3357 /* Build configuration list for PBXProject "LocalizationTest" */;
			compatibilityVersion = "Xcode 14.0";
			developmentRegion = en;
			hasScannedForEncodings = 0;
			knownRegions = (
				en,
				Base,
				vi,
			);
			mainGroup = D550CE2D2C7C2A2D00FE3357;
			productRefGroup = D550CE372C7C2A2D00FE3357 /* Products */;
			projectDirPath = "";
			projectRoot = "";
			targets = (
				D550CE352C7C2A2D00FE3357 /* LocalizationTest */,
			);
		};
/* End PBXProject section */

/* Begin PBXResourcesBuildPhase section */
		D550CE342C7C2A2D00FE3357 /* Resources */ = {
			isa = PBXResourcesBuildPhase;
			buildActionMask = 2147483647;
			files = (
				D550CE412C7C2A2F00FE3357 /* Preview Assets.xcassets in Resources */,
				D550CE4E2C7C31D500FE3357 /* Localizable.strings in Resources */,
				D550CE3E2C7C2A2F00FE3357 /* Assets.xcassets in Resources */,
			);
			runOnlyForDeploymentPostprocessing = 0;
		};
/* End PBXResourcesBuildPhase section */

/* Begin PBXSourcesBuildPhase section */
		D550CE322C7C2A2D00FE3357 /* Sources */ = {
			isa = PBXSourcesBuildPhase;
			buildActionMask = 2147483647;
			files = (
				D550CE5A2C7C351E00FE3357 /* LocalizationManager.swift in Sources */,
				D550CE572C7C34A500FE3357 /* String+Extension.swift in Sources */,
				D550CE5C2C7C57DD00FE3357 /* Notification+Extension.swift in Sources */,
				D550CE3C2C7C2A2D00FE3357 /* ContentView.swift in Sources */,
				D550CE3A2C7C2A2D00FE3357 /* LocalizationTestApp.swift in Sources */,
				D550CE542C7C341E00FE3357 /* Constants.swift in Sources */,
			);
			runOnlyForDeploymentPostprocessing = 0;
		};
/* End PBXSourcesBuildPhase section */

/* Begin PBXVariantGroup section */
		D550CE502C7C31D500FE3357 /* Localizable.strings */ = {
			isa = PBXVariantGroup;
			children = (
				D550CE4F2C7C31D500FE3357 /* en */,
				D550CE512C7C32FE00FE3357 /* vi */,
			);
			name = Localizable.strings;
			sourceTree = "<group>";
		};
/* End PBXVariantGroup section */

/* Begin XCBuildConfiguration section */
		D550CE422C7C2A2F00FE3357 /* Debug */ = {
			isa = XCBuildConfiguration;
			buildSettings = {
				ALWAYS_SEARCH_USER_PATHS = NO;
				ASSETCATALOG_COMPILER_GENERATE_SWIFT_ASSET_SYMBOL_EXTENSIONS = YES;
				CLANG_ANALYZER_LOCALIZABILITY_NONLOCALIZED = YES;
				CLANG_ANALYZER_NONNULL = YES;
				CLANG_ANALYZER_NUMBER_OBJECT_CONVERSION = YES_AGGRESSIVE;
				CLANG_CXX_LANGUAGE_STANDARD = "gnu++20";
				CLANG_ENABLE_MODULES = YES;
				CLANG_ENABLE_OBJC_ARC = YES;
				CLANG_ENABLE_OBJC_WEAK = YES;
				CLANG_WARN_BLOCK_CAPTURE_AUTORELEASING = YES;
				CLANG_WARN_BOOL_CONVERSION = YES;
				CLANG_WARN_COMMA = YES;
				CLANG_WARN_CONSTANT_CONVERSION = YES;
				CLANG_WARN_DEPRECATED_OBJC_IMPLEMENTATIONS = YES;
				CLANG_WARN_DIRECT_OBJC_ISA_USAGE = YES_ERROR;
				CLANG_WARN_DOCUMENTATION_COMMENTS = YES;
				CLANG_WARN_EMPTY_BODY = YES;
				CLANG_WARN_ENUM_CONVERSION = YES;
				CLANG_WARN_INFINITE_RECURSION = YES;
				CLANG_WARN_INT_CONVERSION = YES;
				CLANG_WARN_NON_LITERAL_NULL_CONVERSION = YES;
				CLANG_WARN_OBJC_IMPLICIT_RETAIN_SELF = YES;
				CLANG_WARN_OBJC_LITERAL_CONVERSION = YES;
				CLANG_WARN_OBJC_ROOT_CLASS = YES_ERROR;
				CLANG_WARN_QUOTED_INCLUDE_IN_FRAMEWORK_HEADER = YES;
				CLANG_WARN_RANGE_LOOP_ANALYSIS = YES;
				CLANG_WARN_STRICT_PROTOTYPES = YES;
				CLANG_WARN_SUSPICIOUS_MOVE = YES;
				CLANG_WARN_UNGUARDED_AVAILABILITY = YES_AGGRESSIVE;
				CLANG_WARN_UNREACHABLE_CODE = YES;
				CLANG_WARN__DUPLICATE_METHOD_MATCH = YES;
				COPY_PHASE_STRIP = NO;
				DEBUG_INFORMATION_FORMAT = dwarf;
				ENABLE_STRICT_OBJC_MSGSEND = YES;
				ENABLE_TESTABILITY = YES;
				ENABLE_USER_SCRIPT_SANDBOXING = YES;
				GCC_C_LANGUAGE_STANDARD = gnu17;
				GCC_DYNAMIC_NO_PIC = NO;
				GCC_NO_COMMON_BLOCKS = YES;
				GCC_OPTIMIZATION_LEVEL = 0;
				GCC_PREPROCESSOR_DEFINITIONS = (
					"DEBUG=1",
					"$(inherited)",
				);
				GCC_WARN_64_TO_32_BIT_CONVERSION = YES;
				GCC_WARN_ABOUT_RETURN_TYPE = YES_ERROR;
				GCC_WARN_UNDECLARED_SELECTOR = YES;
				GCC_WARN_UNINITIALIZED_AUTOS = YES_AGGRESSIVE;
				GCC_WARN_UNUSED_FUNCTION = YES;
				GCC_WARN_UNUSED_VARIABLE = YES;
				IPHONEOS_DEPLOYMENT_TARGET = 17.2;
				LOCALIZATION_PREFERS_STRING_CATALOGS = YES;
				MTL_ENABLE_DEBUG_INFO = INCLUDE_SOURCE;
				MTL_FAST_MATH = YES;
				ONLY_ACTIVE_ARCH = YES;
				SDKROOT = iphoneos;
				SWIFT_ACTIVE_COMPILATION_CONDITIONS = "DEBUG $(inherited)";
				SWIFT_OPTIMIZATION_LEVEL = "-Onone";
			};
			name = Debug;
		};
		D550CE432C7C2A2F00FE3357 /* Release */ = {
			isa = XCBuildConfiguration;
			buildSettings = {
				ALWAYS_SEARCH_USER_PATHS = NO;
				ASSETCATALOG_COMPILER_GENERATE_SWIFT_ASSET_SYMBOL_EXTENSIONS = YES;
				CLANG_ANALYZER_LOCALIZABILITY_NONLOCALIZED = YES;
				CLANG_ANALYZER_NONNULL = YES;
				CLANG_ANALYZER_NUMBER_OBJECT_CONVERSION = YES_AGGRESSIVE;
				CLANG_CXX_LANGUAGE_STANDARD = "gnu++20";
				CLANG_ENABLE_MODULES = YES;
				CLANG_ENABLE_OBJC_ARC = YES;
				CLANG_ENABLE_OBJC_WEAK = YES;
				CLANG_WARN_BLOCK_CAPTURE_AUTORELEASING = YES;
				CLANG_WARN_BOOL_CONVERSION = YES;
				CLANG_WARN_COMMA = YES;
				CLANG_WARN_CONSTANT_CONVERSION = YES;
				CLANG_WARN_DEPRECATED_OBJC_IMPLEMENTATIONS = YES;
				CLANG_WARN_DIRECT_OBJC_ISA_USAGE = YES_ERROR;
				CLANG_WARN_DOCUMENTATION_COMMENTS = YES;
				CLANG_WARN_EMPTY_BODY = YES;
				CLANG_WARN_ENUM_CONVERSION = YES;
				CLANG_WARN_INFINITE_RECURSION = YES;
				CLANG_WARN_INT_CONVERSION = YES;
				CLANG_WARN_NON_LITERAL_NULL_CONVERSION = YES;
				CLANG_WARN_OBJC_IMPLICIT_RETAIN_SELF = YES;
				CLANG_WARN_OBJC_LITERAL_CONVERSION = YES;
				CLANG_WARN_OBJC_ROOT_CLASS = YES_ERROR;
				CLANG_WARN_QUOTED_INCLUDE_IN_FRAMEWORK_HEADER = YES;
				CLANG_WARN_RANGE_LOOP_ANALYSIS = YES;
				CLANG_WARN_STRICT_PROTOTYPES = YES;
				CLANG_WARN_SUSPICIOUS_MOVE = YES;
				CLANG_WARN_UNGUARDED_AVAILABILITY = YES_AGGRESSIVE;
				CLANG_WARN_UNREACHABLE_CODE = YES;
				CLANG_WARN__DUPLICATE_METHOD_MATCH = YES;
				COPY_PHASE_STRIP = NO;
				DEBUG_INFORMATION_FORMAT = "dwarf-with-dsym";
				ENABLE_NS_ASSERTIONS = NO;
				ENABLE_STRICT_OBJC_MSGSEND = YES;
				ENABLE_USER_SCRIPT_SANDBOXING = YES;
				GCC_C_LANGUAGE_STANDARD = gnu17;
				GCC_NO_COMMON_BLOCKS = YES;
				GCC_WARN_64_TO_32_BIT_CONVERSION = YES;
				GCC_WARN_ABOUT_RETURN_TYPE = YES_ERROR;
				GCC_WARN_UNDECLARED_SELECTOR = YES;
				GCC_WARN_UNINITIALIZED_AUTOS = YES_AGGRESSIVE;
				GCC_WARN_UNUSED_FUNCTION = YES;
				GCC_WARN_UNUSED_VARIABLE = YES;
				IPHONEOS_DEPLOYMENT_TARGET = 17.2;
				LOCALIZATION_PREFERS_STRING_CATALOGS = YES;
				MTL_ENABLE_DEBUG_INFO = NO;
				MTL_FAST_MATH = YES;
				SDKROOT = iphoneos;
				SWIFT_COMPILATION_MODE = wholemodule;
				VALIDATE_PRODUCT = YES;
			};
			name = Release;
		};
		D550CE452C7C2A2F00FE3357 /* Debug */ = {
			isa = XCBuildConfiguration;
			buildSettings = {
				ASSETCATALOG_COMPILER_APPICON_NAME = AppIcon;
				ASSETCATALOG_COMPILER_GLOBAL_ACCENT_COLOR_NAME = AccentColor;
				CODE_SIGN_STYLE = Automatic;
				CURRENT_PROJECT_VERSION = 1;
				DEVELOPMENT_ASSET_PATHS = "\"LocalizationTest/Preview Content\"";
				DEVELOPMENT_TEAM = TJ4DPFCMFY;
				ENABLE_PREVIEWS = YES;
				GENERATE_INFOPLIST_FILE = YES;
				INFOPLIST_KEY_UIApplicationSceneManifest_Generation = YES;
				INFOPLIST_KEY_UIApplicationSupportsIndirectInputEvents = YES;
				INFOPLIST_KEY_UILaunchScreen_Generation = YES;
				INFOPLIST_KEY_UISupportedInterfaceOrientations_iPad = "UIInterfaceOrientationPortrait UIInterfaceOrientationPortraitUpsideDown UIInterfaceOrientationLandscapeLeft UIInterfaceOrientationLandscapeRight";
				INFOPLIST_KEY_UISupportedInterfaceOrientations_iPhone = "UIInterfaceOrientationPortrait UIInterfaceOrientationLandscapeLeft UIInterfaceOrientationLandscapeRight";
				LD_RUNPATH_SEARCH_PATHS = (
					"$(inherited)",
					"@executable_path/Frameworks",
				);
				MARKETING_VERSION = 1.0;
				PRODUCT_BUNDLE_IDENTIFIER = cove.LocalizationTest;
				PRODUCT_NAME = "$(TARGET_NAME)";
				SWIFT_EMIT_LOC_STRINGS = YES;
				SWIFT_VERSION = 5.0;
				TARGETED_DEVICE_FAMILY = "1,2";
			};
			name = Debug;
		};
		D550CE462C7C2A2F00FE3357 /* Release */ = {
			isa = XCBuildConfiguration;
			buildSettings = {
				ASSETCATALOG_COMPILER_APPICON_NAME = AppIcon;
				ASSETCATALOG_COMPILER_GLOBAL_ACCENT_COLOR_NAME = AccentColor;
				CODE_SIGN_STYLE = Automatic;
				CURRENT_PROJECT_VERSION = 1;
				DEVELOPMENT_ASSET_PATHS = "\"LocalizationTest/Preview Content\"";
				DEVELOPMENT_TEAM = TJ4DPFCMFY;
				ENABLE_PREVIEWS = YES;
				GENERATE_INFOPLIST_FILE = YES;
				INFOPLIST_KEY_UIApplicationSceneManifest_Generation = YES;
				INFOPLIST_KEY_UIApplicationSupportsIndirectInputEvents = YES;
				INFOPLIST_KEY_UILaunchScreen_Generation = YES;
				INFOPLIST_KEY_UISupportedInterfaceOrientations_iPad = "UIInterfaceOrientationPortrait UIInterfaceOrientationPortraitUpsideDown UIInterfaceOrientationLandscapeLeft UIInterfaceOrientationLandscapeRight";
				INFOPLIST_KEY_UISupportedInterfaceOrientations_iPhone = "UIInterfaceOrientationPortrait UIInterfaceOrientationLandscapeLeft UIInterfaceOrientationLandscapeRight";
				LD_RUNPATH_SEARCH_PATHS = (
					"$(inherited)",
					"@executable_path/Frameworks",
				);
				MARKETING_VERSION = 1.0;
				PRODUCT_BUNDLE_IDENTIFIER = cove.LocalizationTest;
				PRODUCT_NAME = "$(TARGET_NAME)";
				SWIFT_EMIT_LOC_STRINGS = YES;
				SWIFT_VERSION = 5.0;
				TARGETED_DEVICE_FAMILY = "1,2";
			};
			name = Release;
		};
/* End XCBuildConfiguration section */

/* Begin XCConfigurationList section */
		D550CE312C7C2A2D00FE3357 /* Build configuration list for PBXProject "LocalizationTest" */ = {
			isa = XCConfigurationList;
			buildConfigurations = (
				D550CE422C7C2A2F00FE3357 /* Debug */,
				D550CE432C7C2A2F00FE3357 /* Release */,
			);
			defaultConfigurationIsVisible = 0;
			defaultConfigurationName = Release;
		};
		D550CE442C7C2A2F00FE3357 /* Build configuration list for PBXNativeTarget "LocalizationTest" */ = {
			isa = XCConfigurationList;
			buildConfigurations = (
				D550CE452C7C2A2F00FE3357 /* Debug */,
				D550CE462C7C2A2F00FE3357 /* Release */,
			);
			defaultConfigurationIsVisible = 0;
			defaultConfigurationName = Release;
		};
/* End XCConfigurationList section */
	};
	rootObject = D550CE2E2C7C2A2D00FE3357 /* Project object */;
}
